
Microsoft Visual Studio Solution File, Format Version 12.00
# Visual Studio 15
VisualStudioVersion = 15.0.27428.2043
MinimumVisualStudioVersion = 10.0.40219.1
Project("{FAE04EC0-301F-11D3-BF4B-00C04F79EFBC}") = "IdentitySamplesNetFramework", "IdentitySamplesNetFramework\IdentitySamplesNetFramework.csproj", "{79226B00-291E-4B4D-A4CF-706EBCDC14CF}"
EndProject
Project("{FAE04EC0-301F-11D3-BF4B-00C04F79EFBC}") = "IdentitySamplesNetCore", "IdentitySamplesNetCore\IdentitySamplesNetCore.csproj", "{5889B38A-9CF9-4662-A6AC-8903FDD1B0E8}"
EndProject
Global
	GlobalSection(SolutionConfigurationPlatforms) = preSolution
		Debug|Any CPU = Debug|Any CPU
		Release|Any CPU = Release|Any CPU
	EndGlobalSection
	GlobalSection(ProjectConfigurationPlatforms) = postSolution
		{79226B00-291E-4B4D-A4CF-706EBCDC14CF}.Debug|Any CPU.ActiveCfg = Debug|Any CPU
		{79226B00-291E-4B4D-A4CF-706EBCDC14CF}.Debug|Any CPU.Build.0 = Debug|Any CPU
		{79226B00-291E-4B4D-A4CF-706EBCDC14CF}.Release|Any CPU.ActiveCfg = Release|Any CPU
		{79226B00-291E-4B4D-A4CF-706EBCDC14CF}.Release|Any CPU.Build.0 = Release|Any CPU
		{5889B38A-9CF9-4662-A6AC-8903FDD1B0E8}.Debug|Any CPU.ActiveCfg = Debug|Any CPU
		{5889B38A-9CF9-4662-A6AC-8903FDD1B0E8}.Debug|Any CPU.Build.0 = Debug|Any CPU
		{5889B38A-9CF9-4662-A6AC-8903FDD1B0E8}.Release|Any CPU.ActiveCfg = Release|Any CPU
		{5889B38A-9CF9-4662-A6AC-8903FDD1B0E8}.Release|Any CPU.Build.0 = Release|Any CPU
	EndGlobalSection
	GlobalSection(SolutionProperties) = preSolution
		HideSolutionNode = FALSE
	EndGlobalSection
	GlobalSection(ExtensibilityGlobals) = postSolution
		SolutionGuid = {CAFFE251-5BE2-45A4-BC60-F38820B675C0}
	EndGlobalSection
EndGlobal
